// !$*UTF8*$!
{
	archiveVersion = 1;
	classes = {
	};
	objectVersion = 56;
	objects = {

/* Begin PBXBuildFile section */
		78F6675D29FF6D84003BCA72 /* AppDelegate.swift in Sources */ = {isa = PBXBuildFile; fileRef = 78F6675C29FF6D84003BCA72 /* AppDelegate.swift */; };
		78F6675F29FF6D84003BCA72 /* SceneDelegate.swift in Sources */ = {isa = PBXBuildFile; fileRef = 78F6675E29FF6D84003BCA72 /* SceneDelegate.swift */; };
		78F6676129FF6D84003BCA72 /* ViewController.swift in Sources */ = {isa = PBXBuildFile; fileRef = 78F6676029FF6D84003BCA72 /* ViewController.swift */; };
		78F6676429FF6D84003BCA72 /* Main.storyboard in Resources */ = {isa = PBXBuildFile; fileRef = 78F6676229FF6D84003BCA72 /* Main.storyboard */; };
		78F6676629FF6D85003BCA72 /* Assets.xcassets in Resources */ = {isa = PBXBuildFile; fileRef = 78F6676529FF6D85003BCA72 /* Assets.xcassets */; };
		78F6676929FF6D85003BCA72 /* LaunchScreen.storyboard in Resources */ = {isa = PBXBuildFile; fileRef = 78F6676729FF6D85003BCA72 /* LaunchScreen.storyboard */; };
		78F6677229FF6E09003BCA72 /* Realm in Frameworks */ = {isa = PBXBuildFile; productRef = 78F6677129FF6E09003BCA72 /* Realm */; };
		78F6677429FF6E09003BCA72 /* RealmSwift in Frameworks */ = {isa = PBXBuildFile; productRef = 78F6677329FF6E09003BCA72 /* RealmSwift */; };
		78F6677629FF73C0003BCA72 /* default.realm in Resources */ = {isa = PBXBuildFile; fileRef = 78F6677529FF73C0003BCA72 /* default.realm */; };
/* End PBXBuildFile section */

/* Begin PBXFileReference section */
		78F6675929FF6D84003BCA72 /* PersistableEnumCrash.app */ = {isa = PBXFileReference; explicitFileType = wrapper.application; includeInIndex = 0; path = PersistableEnumCrash.app; sourceTree = BUILT_PRODUCTS_DIR; };
		78F6675C29FF6D84003BCA72 /* AppDelegate.swift */ = {isa = PBXFileReference; lastKnownFileType = sourcecode.swift; path = AppDelegate.swift; sourceTree = "<group>"; };
		78F6675E29FF6D84003BCA72 /* SceneDelegate.swift */ = {isa = PBXFileReference; lastKnownFileType = sourcecode.swift; path = SceneDelegate.swift; sourceTree = "<group>"; };
		78F6676029FF6D84003BCA72 /* ViewController.swift */ = {isa = PBXFileReference; lastKnownFileType = sourcecode.swift; path = ViewController.swift; sourceTree = "<group>"; };
		78F6676329FF6D84003BCA72 /* Base */ = {isa = PBXFileReference; lastKnownFileType = file.storyboard; name = Base; path = Base.lproj/Main.storyboard; sourceTree = "<group>"; };
		78F6676529FF6D85003BCA72 /* Assets.xcassets */ = {isa = PBXFileReference; lastKnownFileType = folder.assetcatalog; path = Assets.xcassets; sourceTree = "<group>"; };
		78F6676829FF6D85003BCA72 /* Base */ = {isa = PBXFileReference; lastKnownFileType = file.storyboard; name = Base; path = Base.lproj/LaunchScreen.storyboard; sourceTree = "<group>"; };
		78F6676A29FF6D85003BCA72 /* Info.plist */ = {isa = PBXFileReference; lastKnownFileType = text.plist.xml; path = Info.plist; sourceTree = "<group>"; };
		78F6677529FF73C0003BCA72 /* default.realm */ = {isa = PBXFileReference; lastKnownFileType = file; path = default.realm; sourceTree = "<group>"; };
/* End PBXFileReference section */

/* Begin PBXFrameworksBuildPhase section */
		78F6675629FF6D84003BCA72 /* Frameworks */ = {
			isa = PBXFrameworksBuildPhase;
			buildActionMask = 2147483647;
			files = (
				78F6677429FF6E09003BCA72 /* RealmSwift in Frameworks */,
				78F6677229FF6E09003BCA72 /* Realm in Frameworks */,
			);
			runOnlyForDeploymentPostprocessing = 0;
		};
/* End PBXFrameworksBuildPhase section */

/* Begin PBXGroup section */
		78F6675029FF6D84003BCA72 = {
			isa = PBXGroup;
			children = (
				78F6675B29FF6D84003BCA72 /* PersistableEnumCrash */,
				78F6675A29FF6D84003BCA72 /* Products */,
			);
			sourceTree = "<group>";
		};
		78F6675A29FF6D84003BCA72 /* Products */ = {
			isa = PBXGroup;
			children = (
				78F6675929FF6D84003BCA72 /* PersistableEnumCrash.app */,
			);
			name = Products;
			sourceTree = "<group>";
		};
		78F6675B29FF6D84003BCA72 /* PersistableEnumCrash */ = {
			isa = PBXGroup;
			children = (
				78F6677529FF73C0003BCA72 /* default.realm */,
				78F6675C29FF6D84003BCA72 /* AppDelegate.swift */,
				78F6675E29FF6D84003BCA72 /* SceneDelegate.swift */,
				78F6676029FF6D84003BCA72 /* ViewController.swift */,
				78F6676229FF6D84003BCA72 /* Main.storyboard */,
				78F6676529FF6D85003BCA72 /* Assets.xcassets */,
				78F6676729FF6D85003BCA72 /* LaunchScreen.storyboard */,
				78F6676A29FF6D85003BCA72 /* Info.plist */,
			);
			path = PersistableEnumCrash;
			sourceTree = "<group>";
		};
/* End PBXGroup section */

/* Begin PBXNativeTarget section */
		78F6675829FF6D84003BCA72 /* PersistableEnumCrash */ = {
			isa = PBXNativeTarget;
			buildConfigurationList = 78F6676D29FF6D85003BCA72 /* Build configuration list for PBXNativeTarget "PersistableEnumCrash" */;
			buildPhases = (
				78F6675529FF6D84003BCA72 /* Sources */,
				78F6675629FF6D84003BCA72 /* Frameworks */,
				78F6675729FF6D84003BCA72 /* Resources */,
			);
			buildRules = (
			);
			dependencies = (
			);
			name = PersistableEnumCrash;
			packageProductDependencies = (
				78F6677129FF6E09003BCA72 /* Realm */,
				78F6677329FF6E09003BCA72 /* RealmSwift */,
			);
			productName = PersistableEnumCrash;
			productReference = 78F6675929FF6D84003BCA72 /* PersistableEnumCrash.app */;
			productType = "com.apple.product-type.application";
		};
/* End PBXNativeTarget section */

/* Begin PBXProject section */
		78F6675129FF6D84003BCA72 /* Project object */ = {
			isa = PBXProject;
			attributes = {
				BuildIndependentTargetsInParallel = 1;
				LastSwiftUpdateCheck = 1430;
				LastUpgradeCheck = 1430;
				TargetAttributes = {
					78F6675829FF6D84003BCA72 = {
						CreatedOnToolsVersion = 14.3;
					};
				};
			};
			buildConfigurationList = 78F6675429FF6D84003BCA72 /* Build configuration list for PBXProject "PersistableEnumCrash" */;
			compatibilityVersion = "Xcode 14.0";
			developmentRegion = en;
			hasScannedForEncodings = 0;
			knownRegions = (
				en,
				Base,
			);
			mainGroup = 78F6675029FF6D84003BCA72;
			packageReferences = (
				78F6677029FF6E09003BCA72 /* XCRemoteSwiftPackageReference "realm-swift" */,
			);
			productRefGroup = 78F6675A29FF6D84003BCA72 /* Products */;
			projectDirPath = "";
			projectRoot = "";
			targets = (
				78F6675829FF6D84003BCA72 /* PersistableEnumCrash */,
			);
		};
/* End PBXProject section */

/* Begin PBXResourcesBuildPhase section */
		78F6675729FF6D84003BCA72 /* Resources */ = {
			isa = PBXResourcesBuildPhase;
			buildActionMask = 2147483647;
			files = (
				78F6676929FF6D85003BCA72 /* LaunchScreen.storyboard in Resources */,
				78F6677629FF73C0003BCA72 /* default.realm in Resources */,
				78F6676629FF6D85003BCA72 /* Assets.xcassets in Resources */,
				78F6676429FF6D84003BCA72 /* Main.storyboard in Resources */,
			);
			runOnlyForDeploymentPostprocessing = 0;
		};
/* End PBXResourcesBuildPhase section */

/* Begin PBXSourcesBuildPhase section */
		78F6675529FF6D84003BCA72 /* Sources */ = {
			isa = PBXSourcesBuildPhase;
			buildActionMask = 2147483647;
			files = (
				78F6676129FF6D84003BCA72 /* ViewController.swift in Sources */,
				78F6675D29FF6D84003BCA72 /* AppDelegate.swift in Sources */,
				78F6675F29FF6D84003BCA72 /* SceneDelegate.swift in Sources */,
			);
			runOnlyForDeploymentPostprocessing = 0;
		};
/* End PBXSourcesBuildPhase section */

/* Begin PBXVariantGroup section */
		78F6676229FF6D84003BCA72 /* Main.storyboard */ = {
			isa = PBXVariantGroup;
			children = (
				78F6676329FF6D84003BCA72 /* Base */,
			);
			name = Main.storyboard;
			sourceTree = "<group>";
		};
		78F6676729FF6D85003BCA72 /* LaunchScreen.storyboard */ = {
			isa = PBXVariantGroup;
			children = (
				78F6676829FF6D85003BCA72 /* Base */,
			);
			name = LaunchScreen.storyboard;
			sourceTree = "<group>";
		};
/* End PBXVariantGroup section */

/* Begin XCBuildConfiguration section */
		78F6676B29FF6D85003BCA72 /* Debug */ = {
			isa = XCBuildConfiguration;
			buildSettings = {
				ALWAYS_SEARCH_USER_PATHS = NO;
				CLANG_ANALYZER_NONNULL = YES;
				CLANG_ANALYZER_NUMBER_OBJECT_CONVERSION = YES_AGGRESSIVE;
				CLANG_CXX_LANGUAGE_STANDARD = "gnu++20";
				CLANG_ENABLE_MODULES = YES;
				CLANG_ENABLE_OBJC_ARC = YES;
				CLANG_ENABLE_OBJC_WEAK = YES;
				CLANG_WARN_BLOCK_CAPTURE_AUTORELEASING = YES;
				CLANG_WARN_BOOL_CONVERSION = YES;
				CLANG_WARN_COMMA = YES;
				CLANG_WARN_CONSTANT_CONVERSION = YES;
				CLANG_WARN_DEPRECATED_OBJC_IMPLEMENTATIONS = YES;
				CLANG_WARN_DIRECT_OBJC_ISA_USAGE = YES_ERROR;
				CLANG_WARN_DOCUMENTATION_COMMENTS = YES;
				CLANG_WARN_EMPTY_BODY = YES;
				CLANG_WARN_ENUM_CONVERSION = YES;
				CLANG_WARN_INFINITE_RECURSION = YES;
				CLANG_WARN_INT_CONVERSION = YES;
				CLANG_WARN_NON_LITERAL_NULL_CONVERSION = YES;
				CLANG_WARN_OBJC_IMPLICIT_RETAIN_SELF = YES;
				CLANG_WARN_OBJC_LITERAL_CONVERSION = YES;
				CLANG_WARN_OBJC_ROOT_CLASS = YES_ERROR;
				CLANG_WARN_QUOTED_INCLUDE_IN_FRAMEWORK_HEADER = YES;
				CLANG_WARN_RANGE_LOOP_ANALYSIS = YES;
				CLANG_WARN_STRICT_PROTOTYPES = YES;
				CLANG_WARN_SUSPICIOUS_MOVE = YES;
				CLANG_WARN_UNGUARDED_AVAILABILITY = YES_AGGRESSIVE;
				CLANG_WARN_UNREACHABLE_CODE = YES;
				CLANG_WARN__DUPLICATE_METHOD_MATCH = YES;
				COPY_PHASE_STRIP = NO;
				DEBUG_INFORMATION_FORMAT = dwarf;
				ENABLE_STRICT_OBJC_MSGSEND = YES;
				ENABLE_TESTABILITY = YES;
				GCC_C_LANGUAGE_STANDARD = gnu11;
				GCC_DYNAMIC_NO_PIC = NO;
				GCC_NO_COMMON_BLOCKS = YES;
				GCC_OPTIMIZATION_LEVEL = 0;
				GCC_PREPROCESSOR_DEFINITIONS = (
					"DEBUG=1",
					"$(inherited)",
				);
				GCC_WARN_64_TO_32_BIT_CONVERSION = YES;
				GCC_WARN_ABOUT_RETURN_TYPE = YES_ERROR;
				GCC_WARN_UNDECLARED_SELECTOR = YES;
				GCC_WARN_UNINITIALIZED_AUTOS = YES_AGGRESSIVE;
				GCC_WARN_UNUSED_FUNCTION = YES;
				GCC_WARN_UNUSED_VARIABLE = YES;
				IPHONEOS_DEPLOYMENT_TARGET = 16.4;
				MTL_ENABLE_DEBUG_INFO = INCLUDE_SOURCE;
				MTL_FAST_MATH = YES;
				ONLY_ACTIVE_ARCH = YES;
				SDKROOT = iphoneos;
				SWIFT_ACTIVE_COMPILATION_CONDITIONS = DEBUG;
				SWIFT_OPTIMIZATION_LEVEL = "-Onone";
			};
			name = Debug;
		};
		78F6676C29FF6D85003BCA72 /* Release */ = {
			isa = XCBuildConfiguration;
			buildSettings = {
				ALWAYS_SEARCH_USER_PATHS = NO;
				CLANG_ANALYZER_NONNULL = YES;
				CLANG_ANALYZER_NUMBER_OBJECT_CONVERSION = YES_AGGRESSIVE;
				CLANG_CXX_LANGUAGE_STANDARD = "gnu++20";
				CLANG_ENABLE_MODULES = YES;
				CLANG_ENABLE_OBJC_ARC = YES;
				CLANG_ENABLE_OBJC_WEAK = YES;
				CLANG_WARN_BLOCK_CAPTURE_AUTORELEASING = YES;
				CLANG_WARN_BOOL_CONVERSION = YES;
				CLANG_WARN_COMMA = YES;
				CLANG_WARN_CONSTANT_CONVERSION = YES;
				CLANG_WARN_DEPRECATED_OBJC_IMPLEMENTATIONS = YES;
				CLANG_WARN_DIRECT_OBJC_ISA_USAGE = YES_ERROR;
				CLANG_WARN_DOCUMENTATION_COMMENTS = YES;
				CLANG_WARN_EMPTY_BODY = YES;
				CLANG_WARN_ENUM_CONVERSION = YES;
				CLANG_WARN_INFINITE_RECURSION = YES;
				CLANG_WARN_INT_CONVERSION = YES;
				CLANG_WARN_NON_LITERAL_NULL_CONVERSION = YES;
				CLANG_WARN_OBJC_IMPLICIT_RETAIN_SELF = YES;
				CLANG_WARN_OBJC_LITERAL_CONVERSION = YES;
				CLANG_WARN_OBJC_ROOT_CLASS = YES_ERROR;
				CLANG_WARN_QUOTED_INCLUDE_IN_FRAMEWORK_HEADER = YES;
				CLANG_WARN_RANGE_LOOP_ANALYSIS = YES;
				CLANG_WARN_STRICT_PROTOTYPES = YES;
				CLANG_WARN_SUSPICIOUS_MOVE = YES;
				CLANG_WARN_UNGUARDED_AVAILABILITY = YES_AGGRESSIVE;
				CLANG_WARN_UNREACHABLE_CODE = YES;
				CLANG_WARN__DUPLICATE_METHOD_MATCH = YES;
				COPY_PHASE_STRIP = NO;
				DEBUG_INFORMATION_FORMAT = "dwarf-with-dsym";
				ENABLE_NS_ASSERTIONS = NO;
				ENABLE_STRICT_OBJC_MSGSEND = YES;
				GCC_C_LANGUAGE_STANDARD = gnu11;
				GCC_NO_COMMON_BLOCKS = YES;
				GCC_WARN_64_TO_32_BIT_CONVERSION = YES;
				GCC_WARN_ABOUT_RETURN_TYPE = YES_ERROR;
				GCC_WARN_UNDECLARED_SELECTOR = YES;
				GCC_WARN_UNINITIALIZED_AUTOS = YES_AGGRESSIVE;
				GCC_WARN_UNUSED_FUNCTION = YES;
				GCC_WARN_UNUSED_VARIABLE = YES;
				IPHONEOS_DEPLOYMENT_TARGET = 16.4;
				MTL_ENABLE_DEBUG_INFO = NO;
				MTL_FAST_MATH = YES;
				SDKROOT = iphoneos;
				SWIFT_COMPILATION_MODE = wholemodule;
				SWIFT_OPTIMIZATION_LEVEL = "-O";
				VALIDATE_PRODUCT = YES;
			};
			name = Release;
		};
		78F6676E29FF6D85003BCA72 /* Debug */ = {
			isa = XCBuildConfiguration;
			buildSettings = {
				ASSETCATALOG_COMPILER_APPICON_NAME = AppIcon;
				ASSETCATALOG_COMPILER_GLOBAL_ACCENT_COLOR_NAME = AccentColor;
				CODE_SIGN_STYLE = Automatic;
				CURRENT_PROJECT_VERSION = 1;
				GENERATE_INFOPLIST_FILE = YES;
				INFOPLIST_FILE = PersistableEnumCrash/Info.plist;
				INFOPLIST_KEY_UIApplicationSupportsIndirectInputEvents = YES;
				INFOPLIST_KEY_UILaunchStoryboardName = LaunchScreen;
				INFOPLIST_KEY_UIMainStoryboardFile = Main;
				INFOPLIST_KEY_UISupportedInterfaceOrientations_iPad = "UIInterfaceOrientationPortrait UIInterfaceOrientationPortraitUpsideDown UIInterfaceOrientationLandscapeLeft UIInterfaceOrientationLandscapeRight";
				INFOPLIST_KEY_UISupportedInterfaceOrientations_iPhone = "UIInterfaceOrientationPortrait UIInterfaceOrientationLandscapeLeft UIInterfaceOrientationLandscapeRight";
				LD_RUNPATH_SEARCH_PATHS = (
					"$(inherited)",
					"@executable_path/Frameworks",
				);
				MARKETING_VERSION = 1.0;
				PRODUCT_BUNDLE_IDENTIFIER = com.tomaslinhart.PersistableEnumCrash;
				PRODUCT_NAME = "$(TARGET_NAME)";
				SWIFT_EMIT_LOC_STRINGS = YES;
				SWIFT_VERSION = 5.0;
				TARGETED_DEVICE_FAMILY = "1,2";
			};
			name = Debug;
		};
		78F6676F29FF6D85003BCA72 /* Release */ = {
			isa = XCBuildConfiguration;
			buildSettings = {
				ASSETCATALOG_COMPILER_APPICON_NAME = AppIcon;
				ASSETCATALOG_COMPILER_GLOBAL_ACCENT_COLOR_NAME = AccentColor;
				CODE_SIGN_STYLE = Automatic;
				CURRENT_PROJECT_VERSION = 1;
				GENERATE_INFOPLIST_FILE = YES;
				INFOPLIST_FILE = PersistableEnumCrash/Info.plist;
				INFOPLIST_KEY_UIApplicationSupportsIndirectInputEvents = YES;
				INFOPLIST_KEY_UILaunchStoryboardName = LaunchScreen;
				INFOPLIST_KEY_UIMainStoryboardFile = Main;
				INFOPLIST_KEY_UISupportedInterfaceOrientations_iPad = "UIInterfaceOrientationPortrait UIInterfaceOrientationPortraitUpsideDown UIInterfaceOrientationLandscapeLeft UIInterfaceOrientationLandscapeRight";
				INFOPLIST_KEY_UISupportedInterfaceOrientations_iPhone = "UIInterfaceOrientationPortrait UIInterfaceOrientationLandscapeLeft UIInterfaceOrientationLandscapeRight";
				LD_RUNPATH_SEARCH_PATHS = (
					"$(inherited)",
					"@executable_path/Frameworks",
				);
				MARKETING_VERSION = 1.0;
				PRODUCT_BUNDLE_IDENTIFIER = com.tomaslinhart.PersistableEnumCrash;
				PRODUCT_NAME = "$(TARGET_NAME)";
				SWIFT_EMIT_LOC_STRINGS = YES;
				SWIFT_VERSION = 5.0;
				TARGETED_DEVICE_FAMILY = "1,2";
			};
			name = Release;
		};
/* End XCBuildConfiguration section */

/* Begin XCConfigurationList section */
		78F6675429FF6D84003BCA72 /* Build configuration list for PBXProject "PersistableEnumCrash" */ = {
			isa = XCConfigurationList;
			buildConfigurations = (
				78F6676B29FF6D85003BCA72 /* Debug */,
				78F6676C29FF6D85003BCA72 /* Release */,
			);
			defaultConfigurationIsVisible = 0;
			defaultConfigurationName = Release;
		};
		78F6676D29FF6D85003BCA72 /* Build configuration list for PBXNativeTarget "PersistableEnumCrash" */ = {
			isa = XCConfigurationList;
			buildConfigurations = (
				78F6676E29FF6D85003BCA72 /* Debug */,
				78F6676F29FF6D85003BCA72 /* Release */,
			);
			defaultConfigurationIsVisible = 0;
			defaultConfigurationName = Release;
		};
/* End XCConfigurationList section */

/* Begin XCRemoteSwiftPackageReference section */
		78F6677029FF6E09003BCA72 /* XCRemoteSwiftPackageReference "realm-swift" */ = {
			isa = XCRemoteSwiftPackageReference;
			repositoryURL = "https://github.com/realm/realm-swift";
			requirement = {
				kind = exactVersion;
				version = 10.38.3;
			};
		};
/* End XCRemoteSwiftPackageReference section */

/* Begin XCSwiftPackageProductDependency section */
		78F6677129FF6E09003BCA72 /* Realm */ = {
			isa = XCSwiftPackageProductDependency;
			package = 78F6677029FF6E09003BCA72 /* XCRemoteSwiftPackageReference "realm-swift" */;
			productName = Realm;
		};
		78F6677329FF6E09003BCA72 /* RealmSwift */ = {
			isa = XCSwiftPackageProductDependency;
			package = 78F6677029FF6E09003BCA72 /* XCRemoteSwiftPackageReference "realm-swift" */;
			productName = RealmSwift;
		};
/* End XCSwiftPackageProductDependency section */
	};
	rootObject = 78F6675129FF6D84003BCA72 /* Project object */;
}
